// !$*UTF8*$!
{
	archiveVersion = 1;
	classes = {
	};
	objectVersion = 50;
	objects = {

/* Begin PBXBuildFile section */
		0B17BEEE2549DA0E00A34F55 /* AppDelegate.swift in Sources */ = {isa = PBXBuildFile; fileRef = 0B17BEED2549DA0E00A34F55 /* AppDelegate.swift */; };
		0B17BEF02549DA0E00A34F55 /* SceneDelegate.swift in Sources */ = {isa = PBXBuildFile; fileRef = 0B17BEEF2549DA0E00A34F55 /* SceneDelegate.swift */; };
		0B17BEF22549DA0E00A34F55 /* ViewController.swift in Sources */ = {isa = PBXBuildFile; fileRef = 0B17BEF12549DA0E00A34F55 /* ViewController.swift */; };
		0B17BEF52549DA0E00A34F55 /* Main.storyboard in Resources */ = {isa = PBXBuildFile; fileRef = 0B17BEF32549DA0E00A34F55 /* Main.storyboard */; };
		0B17BEF72549DA0F00A34F55 /* Assets.xcassets in Resources */ = {isa = PBXBuildFile; fileRef = 0B17BEF62549DA0F00A34F55 /* Assets.xcassets */; };
		0B17BEFA2549DA0F00A34F55 /* LaunchScreen.storyboard in Resources */ = {isa = PBXBuildFile; fileRef = 0B17BEF82549DA0F00A34F55 /* LaunchScreen.storyboard */; };
		0B17BF052549DA0F00A34F55 /* App_Aonde_estouTests.swift in Sources */ = {isa = PBXBuildFile; fileRef = 0B17BF042549DA0F00A34F55 /* App_Aonde_estouTests.swift */; };
		0B17BF102549DA0F00A34F55 /* App_Aonde_estouUITests.swift in Sources */ = {isa = PBXBuildFile; fileRef = 0B17BF0F2549DA0F00A34F55 /* App_Aonde_estouUITests.swift */; };
		0B17BF252549DA3300A34F55 /* CoreLocation.framework in Frameworks */ = {isa = PBXBuildFile; fileRef = 0B17BF242549DA3300A34F55 /* CoreLocation.framework */; };
/* End PBXBuildFile section */

/* Begin PBXContainerItemProxy section */
		0B17BF012549DA0F00A34F55 /* PBXContainerItemProxy */ = {
			isa = PBXContainerItemProxy;
			containerPortal = 0B17BEE22549DA0E00A34F55 /* Project object */;
			proxyType = 1;
			remoteGlobalIDString = 0B17BEE92549DA0E00A34F55;
			remoteInfo = "App Aonde estou";
		};
		0B17BF0C2549DA0F00A34F55 /* PBXContainerItemProxy */ = {
			isa = PBXContainerItemProxy;
			containerPortal = 0B17BEE22549DA0E00A34F55 /* Project object */;
			proxyType = 1;
			remoteGlobalIDString = 0B17BEE92549DA0E00A34F55;
			remoteInfo = "App Aonde estou";
		};
/* End PBXContainerItemProxy section */

/* Begin PBXFileReference section */
		0B17BEEA2549DA0E00A34F55 /* App Aonde estou.app */ = {isa = PBXFileReference; explicitFileType = wrapper.application; includeInIndex = 0; path = "App Aonde estou.app"; sourceTree = BUILT_PRODUCTS_DIR; };
		0B17BEED2549DA0E00A34F55 /* AppDelegate.swift */ = {isa = PBXFileReference; lastKnownFileType = sourcecode.swift; path = AppDelegate.swift; sourceTree = "<group>"; };
		0B17BEEF2549DA0E00A34F55 /* SceneDelegate.swift */ = {isa = PBXFileReference; lastKnownFileType = sourcecode.swift; path = SceneDelegate.swift; sourceTree = "<group>"; };
		0B17BEF12549DA0E00A34F55 /* ViewController.swift */ = {isa = PBXFileReference; lastKnownFileType = sourcecode.swift; path = ViewController.swift; sourceTree = "<group>"; };
		0B17BEF42549DA0E00A34F55 /* Base */ = {isa = PBXFileReference; lastKnownFileType = file.storyboard; name = Base; path = Base.lproj/Main.storyboard; sourceTree = "<group>"; };
		0B17BEF62549DA0F00A34F55 /* Assets.xcassets */ = {isa = PBXFileReference; lastKnownFileType = folder.assetcatalog; path = Assets.xcassets; sourceTree = "<group>"; };
		0B17BEF92549DA0F00A34F55 /* Base */ = {isa = PBXFileReference; lastKnownFileType = file.storyboard; name = Base; path = Base.lproj/LaunchScreen.storyboard; sourceTree = "<group>"; };
		0B17BEFB2549DA0F00A34F55 /* Info.plist */ = {isa = PBXFileReference; lastKnownFileType = text.plist.xml; path = Info.plist; sourceTree = "<group>"; };
		0B17BF002549DA0F00A34F55 /* App Aonde estouTests.xctest */ = {isa = PBXFileReference; explicitFileType = wrapper.cfbundle; includeInIndex = 0; path = "App Aonde estouTests.xctest"; sourceTree = BUILT_PRODUCTS_DIR; };
		0B17BF042549DA0F00A34F55 /* App_Aonde_estouTests.swift */ = {isa = PBXFileReference; lastKnownFileType = sourcecode.swift; path = App_Aonde_estouTests.swift; sourceTree = "<group>"; };
		0B17BF062549DA0F00A34F55 /* Info.plist */ = {isa = PBXFileReference; lastKnownFileType = text.plist.xml; path = Info.plist; sourceTree = "<group>"; };
		0B17BF0B2549DA0F00A34F55 /* App Aonde estouUITests.xctest */ = {isa = PBXFileReference; explicitFileType = wrapper.cfbundle; includeInIndex = 0; path = "App Aonde estouUITests.xctest"; sourceTree = BUILT_PRODUCTS_DIR; };
		0B17BF0F2549DA0F00A34F55 /* App_Aonde_estouUITests.swift */ = {isa = PBXFileReference; lastKnownFileType = sourcecode.swift; path = App_Aonde_estouUITests.swift; sourceTree = "<group>"; };
		0B17BF112549DA0F00A34F55 /* Info.plist */ = {isa = PBXFileReference; lastKnownFileType = text.plist.xml; path = Info.plist; sourceTree = "<group>"; };
		0B17BF242549DA3300A34F55 /* CoreLocation.framework */ = {isa = PBXFileReference; lastKnownFileType = wrapper.framework; name = CoreLocation.framework; path = Platforms/MacOSX.platform/Developer/SDKs/MacOSX10.15.sdk/System/Library/Frameworks/CoreLocation.framework; sourceTree = DEVELOPER_DIR; };
/* End PBXFileReference section */

/* Begin PBXFrameworksBuildPhase section */
		0B17BEE72549DA0E00A34F55 /* Frameworks */ = {
			isa = PBXFrameworksBuildPhase;
			buildActionMask = 2147483647;
			files = (
			);
			runOnlyForDeploymentPostprocessing = 0;
		};
		0B17BEFD2549DA0F00A34F55 /* Frameworks */ = {
			isa = PBXFrameworksBuildPhase;
			buildActionMask = 2147483647;
			files = (
				0B17BF252549DA3300A34F55 /* CoreLocation.framework in Frameworks */,
			);
			runOnlyForDeploymentPostprocessing = 0;
		};
		0B17BF082549DA0F00A34F55 /* Frameworks */ = {
			isa = PBXFrameworksBuildPhase;
			buildActionMask = 2147483647;
			files = (
			);
			runOnlyForDeploymentPostprocessing = 0;
		};
/* End PBXFrameworksBuildPhase section */

/* Begin PBXGroup section */
		0B17BEE12549DA0E00A34F55 = {
			isa = PBXGroup;
			children = (
				0B17BEEC2549DA0E00A34F55 /* App Aonde estou */,
				0B17BF032549DA0F00A34F55 /* App Aonde estouTests */,
				0B17BF0E2549DA0F00A34F55 /* App Aonde estouUITests */,
				0B17BEEB2549DA0E00A34F55 /* Products */,
				0B17BF232549DA3300A34F55 /* Frameworks */,
			);
			sourceTree = "<group>";
		};
		0B17BEEB2549DA0E00A34F55 /* Products */ = {
			isa = PBXGroup;
			children = (
				0B17BEEA2549DA0E00A34F55 /* App Aonde estou.app */,
				0B17BF002549DA0F00A34F55 /* App Aonde estouTests.xctest */,
				0B17BF0B2549DA0F00A34F55 /* App Aonde estouUITests.xctest */,
			);
			name = Products;
			sourceTree = "<group>";
		};
		0B17BEEC2549DA0E00A34F55 /* App Aonde estou */ = {
			isa = PBXGroup;
			children = (
				0B17BEED2549DA0E00A34F55 /* AppDelegate.swift */,
				0B17BEEF2549DA0E00A34F55 /* SceneDelegate.swift */,
				0B17BEF12549DA0E00A34F55 /* ViewController.swift */,
				0B17BEF32549DA0E00A34F55 /* Main.storyboard */,
				0B17BEF62549DA0F00A34F55 /* Assets.xcassets */,
				0B17BEF82549DA0F00A34F55 /* LaunchScreen.storyboard */,
				0B17BEFB2549DA0F00A34F55 /* Info.plist */,
			);
			path = "App Aonde estou";
			sourceTree = "<group>";
		};
		0B17BF032549DA0F00A34F55 /* App Aonde estouTests */ = {
			isa = PBXGroup;
			children = (
				0B17BF042549DA0F00A34F55 /* App_Aonde_estouTests.swift */,
				0B17BF062549DA0F00A34F55 /* Info.plist */,
			);
			path = "App Aonde estouTests";
			sourceTree = "<group>";
		};
		0B17BF0E2549DA0F00A34F55 /* App Aonde estouUITests */ = {
			isa = PBXGroup;
			children = (
				0B17BF0F2549DA0F00A34F55 /* App_Aonde_estouUITests.swift */,
				0B17BF112549DA0F00A34F55 /* Info.plist */,
			);
			path = "App Aonde estouUITests";
			sourceTree = "<group>";
		};
		0B17BF232549DA3300A34F55 /* Frameworks */ = {
			isa = PBXGroup;
			children = (
				0B17BF242549DA3300A34F55 /* CoreLocation.framework */,
			);
			name = Frameworks;
			sourceTree = "<group>";
		};
/* End PBXGroup section */

/* Begin PBXNativeTarget section */
		0B17BEE92549DA0E00A34F55 /* App Aonde estou */ = {
			isa = PBXNativeTarget;
			buildConfigurationList = 0B17BF142549DA0F00A34F55 /* Build configuration list for PBXNativeTarget "App Aonde estou" */;
			buildPhases = (
				0B17BEE62549DA0E00A34F55 /* Sources */,
				0B17BEE72549DA0E00A34F55 /* Frameworks */,
				0B17BEE82549DA0E00A34F55 /* Resources */,
			);
			buildRules = (
			);
			dependencies = (
			);
			name = "App Aonde estou";
			productName = "App Aonde estou";
			productReference = 0B17BEEA2549DA0E00A34F55 /* App Aonde estou.app */;
			productType = "com.apple.product-type.application";
		};
		0B17BEFF2549DA0F00A34F55 /* App Aonde estouTests */ = {
			isa = PBXNativeTarget;
			buildConfigurationList = 0B17BF172549DA0F00A34F55 /* Build configuration list for PBXNativeTarget "App Aonde estouTests" */;
			buildPhases = (
				0B17BEFC2549DA0F00A34F55 /* Sources */,
				0B17BEFD2549DA0F00A34F55 /* Frameworks */,
				0B17BEFE2549DA0F00A34F55 /* Resources */,
			);
			buildRules = (
			);
			dependencies = (
				0B17BF022549DA0F00A34F55 /* PBXTargetDependency */,
			);
			name = "App Aonde estouTests";
			productName = "App Aonde estouTests";
			productReference = 0B17BF002549DA0F00A34F55 /* App Aonde estouTests.xctest */;
			productType = "com.apple.product-type.bundle.unit-test";
		};
		0B17BF0A2549DA0F00A34F55 /* App Aonde estouUITests */ = {
			isa = PBXNativeTarget;
			buildConfigurationList = 0B17BF1A2549DA0F00A34F55 /* Build configuration list for PBXNativeTarget "App Aonde estouUITests" */;
			buildPhases = (
				0B17BF072549DA0F00A34F55 /* Sources */,
				0B17BF082549DA0F00A34F55 /* Frameworks */,
				0B17BF092549DA0F00A34F55 /* Resources */,
			);
			buildRules = (
			);
			dependencies = (
				0B17BF0D2549DA0F00A34F55 /* PBXTargetDependency */,
			);
			name = "App Aonde estouUITests";
			productName = "App Aonde estouUITests";
			productReference = 0B17BF0B2549DA0F00A34F55 /* App Aonde estouUITests.xctest */;
			productType = "com.apple.product-type.bundle.ui-testing";
		};
/* End PBXNativeTarget section */

/* Begin PBXProject section */
		0B17BEE22549DA0E00A34F55 /* Project object */ = {
			isa = PBXProject;
			attributes = {
				LastSwiftUpdateCheck = 1210;
				LastUpgradeCheck = 1210;
				TargetAttributes = {
					0B17BEE92549DA0E00A34F55 = {
						CreatedOnToolsVersion = 12.1;
					};
					0B17BEFF2549DA0F00A34F55 = {
						CreatedOnToolsVersion = 12.1;
						TestTargetID = 0B17BEE92549DA0E00A34F55;
					};
					0B17BF0A2549DA0F00A34F55 = {
						CreatedOnToolsVersion = 12.1;
						TestTargetID = 0B17BEE92549DA0E00A34F55;
					};
				};
			};
			buildConfigurationList = 0B17BEE52549DA0E00A34F55 /* Build configuration list for PBXProject "App Aonde estou" */;
			compatibilityVersion = "Xcode 9.3";
			developmentRegion = en;
			hasScannedForEncodings = 0;
			knownRegions = (
				en,
				Base,
			);
			mainGroup = 0B17BEE12549DA0E00A34F55;
			productRefGroup = 0B17BEEB2549DA0E00A34F55 /* Products */;
			projectDirPath = "";
			projectRoot = "";
			targets = (
				0B17BEE92549DA0E00A34F55 /* App Aonde estou */,
				0B17BEFF2549DA0F00A34F55 /* App Aonde estouTests */,
				0B17BF0A2549DA0F00A34F55 /* App Aonde estouUITests */,
			);
		};
/* End PBXProject section */

/* Begin PBXResourcesBuildPhase section */
		0B17BEE82549DA0E00A34F55 /* Resources */ = {
			isa = PBXResourcesBuildPhase;
			buildActionMask = 2147483647;
			files = (
				0B17BEFA2549DA0F00A34F55 /* LaunchScreen.storyboard in Resources */,
				0B17BEF72549DA0F00A34F55 /* Assets.xcassets in Resources */,
				0B17BEF52549DA0E00A34F55 /* Main.storyboard in Resources */,
			);
			runOnlyForDeploymentPostprocessing = 0;
		};
		0B17BEFE2549DA0F00A34F55 /* Resources */ = {
			isa = PBXResourcesBuildPhase;
			buildActionMask = 2147483647;
			files = (
			);
			runOnlyForDeploymentPostprocessing = 0;
		};
		0B17BF092549DA0F00A34F55 /* Resources */ = {
			isa = PBXResourcesBuildPhase;
			buildActionMask = 2147483647;
			files = (
			);
			runOnlyForDeploymentPostprocessing = 0;
		};
/* End PBXResourcesBuildPhase section */

/* Begin PBXSourcesBuildPhase section */
		0B17BEE62549DA0E00A34F55 /* Sources */ = {
			isa = PBXSourcesBuildPhase;
			buildActionMask = 2147483647;
			files = (
				0B17BEF22549DA0E00A34F55 /* ViewController.swift in Sources */,
				0B17BEEE2549DA0E00A34F55 /* AppDelegate.swift in Sources */,
				0B17BEF02549DA0E00A34F55 /* SceneDelegate.swift in Sources */,
			);
			runOnlyForDeploymentPostprocessing = 0;
		};
		0B17BEFC2549DA0F00A34F55 /* Sources */ = {
			isa = PBXSourcesBuildPhase;
			buildActionMask = 2147483647;
			files = (
				0B17BF052549DA0F00A34F55 /* App_Aonde_estouTests.swift in Sources */,
			);
			runOnlyForDeploymentPostprocessing = 0;
		};
		0B17BF072549DA0F00A34F55 /* Sources */ = {
			isa = PBXSourcesBuildPhase;
			buildActionMask = 2147483647;
			files = (
				0B17BF102549DA0F00A34F55 /* App_Aonde_estouUITests.swift in Sources */,
			);
			runOnlyForDeploymentPostprocessing = 0;
		};
/* End PBXSourcesBuildPhase section */

/* Begin PBXTargetDependency section */
		0B17BF022549DA0F00A34F55 /* PBXTargetDependency */ = {
			isa = PBXTargetDependency;
			target = 0B17BEE92549DA0E00A34F55 /* App Aonde estou */;
			targetProxy = 0B17BF012549DA0F00A34F55 /* PBXContainerItemProxy */;
		};
		0B17BF0D2549DA0F00A34F55 /* PBXTargetDependency */ = {
			isa = PBXTargetDependency;
			target = 0B17BEE92549DA0E00A34F55 /* App Aonde estou */;
			targetProxy = 0B17BF0C2549DA0F00A34F55 /* PBXContainerItemProxy */;
		};
/* End PBXTargetDependency section */

/* Begin PBXVariantGroup section */
		0B17BEF32549DA0E00A34F55 /* Main.storyboard */ = {
			isa = PBXVariantGroup;
			children = (
				0B17BEF42549DA0E00A34F55 /* Base */,
			);
			name = Main.storyboard;
			sourceTree = "<group>";
		};
		0B17BEF82549DA0F00A34F55 /* LaunchScreen.storyboard */ = {
			isa = PBXVariantGroup;
			children = (
				0B17BEF92549DA0F00A34F55 /* Base */,
			);
			name = LaunchScreen.storyboard;
			sourceTree = "<group>";
		};
/* End PBXVariantGroup section */

/* Begin XCBuildConfiguration section */
		0B17BF122549DA0F00A34F55 /* Debug */ = {
			isa = XCBuildConfiguration;
			buildSettings = {
				ALWAYS_SEARCH_USER_PATHS = NO;
				CLANG_ANALYZER_NONNULL = YES;
				CLANG_ANALYZER_NUMBER_OBJECT_CONVERSION = YES_AGGRESSIVE;
				CLANG_CXX_LANGUAGE_STANDARD = "gnu++14";
				CLANG_CXX_LIBRARY = "libc++";
				CLANG_ENABLE_MODULES = YES;
				CLANG_ENABLE_OBJC_ARC = YES;
				CLANG_ENABLE_OBJC_WEAK = YES;
				CLANG_WARN_BLOCK_CAPTURE_AUTORELEASING = YES;
				CLANG_WARN_BOOL_CONVERSION = YES;
				CLANG_WARN_COMMA = YES;
				CLANG_WARN_CONSTANT_CONVERSION = YES;
				CLANG_WARN_DEPRECATED_OBJC_IMPLEMENTATIONS = YES;
				CLANG_WARN_DIRECT_OBJC_ISA_USAGE = YES_ERROR;
				CLANG_WARN_DOCUMENTATION_COMMENTS = YES;
				CLANG_WARN_EMPTY_BODY = YES;
				CLANG_WARN_ENUM_CONVERSION = YES;
				CLANG_WARN_INFINITE_RECURSION = YES;
				CLANG_WARN_INT_CONVERSION = YES;
				CLANG_WARN_NON_LITERAL_NULL_CONVERSION = YES;
				CLANG_WARN_OBJC_IMPLICIT_RETAIN_SELF = YES;
				CLANG_WARN_OBJC_LITERAL_CONVERSION = YES;
				CLANG_WARN_OBJC_ROOT_CLASS = YES_ERROR;
				CLANG_WARN_QUOTED_INCLUDE_IN_FRAMEWORK_HEADER = YES;
				CLANG_WARN_RANGE_LOOP_ANALYSIS = YES;
				CLANG_WARN_STRICT_PROTOTYPES = YES;
				CLANG_WARN_SUSPICIOUS_MOVE = YES;
				CLANG_WARN_UNGUARDED_AVAILABILITY = YES_AGGRESSIVE;
				CLANG_WARN_UNREACHABLE_CODE = YES;
				CLANG_WARN__DUPLICATE_METHOD_MATCH = YES;
				COPY_PHASE_STRIP = NO;
				DEBUG_INFORMATION_FORMAT = dwarf;
				ENABLE_STRICT_OBJC_MSGSEND = YES;
				ENABLE_TESTABILITY = YES;
				GCC_C_LANGUAGE_STANDARD = gnu11;
				GCC_DYNAMIC_NO_PIC = NO;
				GCC_NO_COMMON_BLOCKS = YES;
				GCC_OPTIMIZATION_LEVEL = 0;
				GCC_PREPROCESSOR_DEFINITIONS = (
					"DEBUG=1",
					"$(inherited)",
				);
				GCC_WARN_64_TO_32_BIT_CONVERSION = YES;
				GCC_WARN_ABOUT_RETURN_TYPE = YES_ERROR;
				GCC_WARN_UNDECLARED_SELECTOR = YES;
				GCC_WARN_UNINITIALIZED_AUTOS = YES_AGGRESSIVE;
				GCC_WARN_UNUSED_FUNCTION = YES;
				GCC_WARN_UNUSED_VARIABLE = YES;
				IPHONEOS_DEPLOYMENT_TARGET = 14.1;
				MTL_ENABLE_DEBUG_INFO = INCLUDE_SOURCE;
				MTL_FAST_MATH = YES;
				ONLY_ACTIVE_ARCH = YES;
				SDKROOT = iphoneos;
				SWIFT_ACTIVE_COMPILATION_CONDITIONS = DEBUG;
				SWIFT_OPTIMIZATION_LEVEL = "-Onone";
			};
			name = Debug;
		};
		0B17BF132549DA0F00A34F55 /* Release */ = {
			isa = XCBuildConfiguration;
			buildSettings = {
				ALWAYS_SEARCH_USER_PATHS = NO;
				CLANG_ANALYZER_NONNULL = YES;
				CLANG_ANALYZER_NUMBER_OBJECT_CONVERSION = YES_AGGRESSIVE;
				CLANG_CXX_LANGUAGE_STANDARD = "gnu++14";
				CLANG_CXX_LIBRARY = "libc++";
				CLANG_ENABLE_MODULES = YES;
				CLANG_ENABLE_OBJC_ARC = YES;
				CLANG_ENABLE_OBJC_WEAK = YES;
				CLANG_WARN_BLOCK_CAPTURE_AUTORELEASING = YES;
				CLANG_WARN_BOOL_CONVERSION = YES;
				CLANG_WARN_COMMA = YES;
				CLANG_WARN_CONSTANT_CONVERSION = YES;
				CLANG_WARN_DEPRECATED_OBJC_IMPLEMENTATIONS = YES;
				CLANG_WARN_DIRECT_OBJC_ISA_USAGE = YES_ERROR;
				CLANG_WARN_DOCUMENTATION_COMMENTS = YES;
				CLANG_WARN_EMPTY_BODY = YES;
				CLANG_WARN_ENUM_CONVERSION = YES;
				CLANG_WARN_INFINITE_RECURSION = YES;
				CLANG_WARN_INT_CONVERSION = YES;
				CLANG_WARN_NON_LITERAL_NULL_CONVERSION = YES;
				CLANG_WARN_OBJC_IMPLICIT_RETAIN_SELF = YES;
				CLANG_WARN_OBJC_LITERAL_CONVERSION = YES;
				CLANG_WARN_OBJC_ROOT_CLASS = YES_ERROR;
				CLANG_WARN_QUOTED_INCLUDE_IN_FRAMEWORK_HEADER = YES;
				CLANG_WARN_RANGE_LOOP_ANALYSIS = YES;
				CLANG_WARN_STRICT_PROTOTYPES = YES;
				CLANG_WARN_SUSPICIOUS_MOVE = YES;
				CLANG_WARN_UNGUARDED_AVAILABILITY = YES_AGGRESSIVE;
				CLANG_WARN_UNREACHABLE_CODE = YES;
				CLANG_WARN__DUPLICATE_METHOD_MATCH = YES;
				COPY_PHASE_STRIP = NO;
				DEBUG_INFORMATION_FORMAT = "dwarf-with-dsym";
				ENABLE_NS_ASSERTIONS = NO;
				ENABLE_STRICT_OBJC_MSGSEND = YES;
				GCC_C_LANGUAGE_STANDARD = gnu11;
				GCC_NO_COMMON_BLOCKS = YES;
				GCC_WARN_64_TO_32_BIT_CONVERSION = YES;
				GCC_WARN_ABOUT_RETURN_TYPE = YES_ERROR;
				GCC_WARN_UNDECLARED_SELECTOR = YES;
				GCC_WARN_UNINITIALIZED_AUTOS = YES_AGGRESSIVE;
				GCC_WARN_UNUSED_FUNCTION = YES;
				GCC_WARN_UNUSED_VARIABLE = YES;
				IPHONEOS_DEPLOYMENT_TARGET = 14.1;
				MTL_ENABLE_DEBUG_INFO = NO;
				MTL_FAST_MATH = YES;
				SDKROOT = iphoneos;
				SWIFT_COMPILATION_MODE = wholemodule;
				SWIFT_OPTIMIZATION_LEVEL = "-O";
				VALIDATE_PRODUCT = YES;
			};
			name = Release;
		};
		0B17BF152549DA0F00A34F55 /* Debug */ = {
			isa = XCBuildConfiguration;
			buildSettings = {
				ASSETCATALOG_COMPILER_APPICON_NAME = AppIcon;
				ASSETCATALOG_COMPILER_GLOBAL_ACCENT_COLOR_NAME = AccentColor;
				CODE_SIGN_STYLE = Automatic;
				DEVELOPMENT_TEAM = V5P57RX8QZ;
				INFOPLIST_FILE = "App Aonde estou/Info.plist";
				LD_RUNPATH_SEARCH_PATHS = (
					"$(inherited)",
					"@executable_path/Frameworks",
				);
				PRODUCT_BUNDLE_IDENTIFIER = "com.tedizinios.App-Aonde-estou";
				PRODUCT_NAME = "$(TARGET_NAME)";
				SWIFT_VERSION = 5.0;
				TARGETED_DEVICE_FAMILY = "1,2";
			};
			name = Debug;
		};
		0B17BF162549DA0F00A34F55 /* Release */ = {
			isa = XCBuildConfiguration;
			buildSettings = {
				ASSETCATALOG_COMPILER_APPICON_NAME = AppIcon;
				ASSETCATALOG_COMPILER_GLOBAL_ACCENT_COLOR_NAME = AccentColor;
				CODE_SIGN_STYLE = Automatic;
				DEVELOPMENT_TEAM = V5P57RX8QZ;
				INFOPLIST_FILE = "App Aonde estou/Info.plist";
				LD_RUNPATH_SEARCH_PATHS = (
					"$(inherited)",
					"@executable_path/Frameworks",
				);
				PRODUCT_BUNDLE_IDENTIFIER = "com.tedizinios.App-Aonde-estou";
				PRODUCT_NAME = "$(TARGET_NAME)";
				SWIFT_VERSION = 5.0;
				TARGETED_DEVICE_FAMILY = "1,2";
			};
			name = Release;
		};
		0B17BF182549DA0F00A34F55 /* Debug */ = {
			isa = XCBuildConfiguration;
			buildSettings = {
				ALWAYS_EMBED_SWIFT_STANDARD_LIBRARIES = YES;
				BUNDLE_LOADER = "$(TEST_HOST)";
				CODE_SIGN_STYLE = Automatic;
				DEVELOPMENT_TEAM = V5P57RX8QZ;
				INFOPLIST_FILE = "App Aonde estouTests/Info.plist";
				IPHONEOS_DEPLOYMENT_TARGET = 14.1;
				LD_RUNPATH_SEARCH_PATHS = (
					"$(inherited)",
					"@executable_path/Frameworks",
					"@loader_path/Frameworks",
				);
				PRODUCT_BUNDLE_IDENTIFIER = "com.tedizinios.App-Aonde-estouTests";
				PRODUCT_NAME = "$(TARGET_NAME)";
				SWIFT_VERSION = 5.0;
				TARGETED_DEVICE_FAMILY = "1,2";
				TEST_HOST = "$(BUILT_PRODUCTS_DIR)/App Aonde estou.app/App Aonde estou";
			};
			name = Debug;
		};
		0B17BF192549DA0F00A34F55 /* Release */ = {
			isa = XCBuildConfiguration;
			buildSettings = {
				ALWAYS_EMBED_SWIFT_STANDARD_LIBRARIES = YES;
				BUNDLE_LOADER = "$(TEST_HOST)";
				CODE_SIGN_STYLE = Automatic;
				DEVELOPMENT_TEAM = V5P57RX8QZ;
				INFOPLIST_FILE = "App Aonde estouTests/Info.plist";
				IPHONEOS_DEPLOYMENT_TARGET = 14.1;
				LD_RUNPATH_SEARCH_PATHS = (
					"$(inherited)",
					"@executable_path/Frameworks",
					"@loader_path/Frameworks",
				);
				PRODUCT_BUNDLE_IDENTIFIER = "com.tedizinios.App-Aonde-estouTests";
				PRODUCT_NAME = "$(TARGET_NAME)";
				SWIFT_VERSION = 5.0;
				TARGETED_DEVICE_FAMILY = "1,2";
				TEST_HOST = "$(BUILT_PRODUCTS_DIR)/App Aonde estou.app/App Aonde estou";
			};
			name = Release;
		};
		0B17BF1B2549DA0F00A34F55 /* Debug */ = {
			isa = XCBuildConfiguration;
			buildSettings = {
				ALWAYS_EMBED_SWIFT_STANDARD_LIBRARIES = YES;
				CODE_SIGN_STYLE = Automatic;
				DEVELOPMENT_TEAM = V5P57RX8QZ;
				INFOPLIST_FILE = "App Aonde estouUITests/Info.plist";
				LD_RUNPATH_SEARCH_PATHS = (
					"$(inherited)",
					"@executable_path/Frameworks",
					"@loader_path/Frameworks",
				);
				PRODUCT_BUNDLE_IDENTIFIER = "com.tedizinios.App-Aonde-estouUITests";
				PRODUCT_NAME = "$(TARGET_NAME)";
				SWIFT_VERSION = 5.0;
				TARGETED_DEVICE_FAMILY = "1,2";
				TEST_TARGET_NAME = "App Aonde estou";
			};
			name = Debug;
		};
		0B17BF1C2549DA0F00A34F55 /* Release */ = {
			isa = XCBuildConfiguration;
			buildSettings = {
				ALWAYS_EMBED_SWIFT_STANDARD_LIBRARIES = YES;
				CODE_SIGN_STYLE = Automatic;
				DEVELOPMENT_TEAM = V5P57RX8QZ;
				INFOPLIST_FILE = "App Aonde estouUITests/Info.plist";
				LD_RUNPATH_SEARCH_PATHS = (
					"$(inherited)",
					"@executable_path/Frameworks",
					"@loader_path/Frameworks",
				);
				PRODUCT_BUNDLE_IDENTIFIER = "com.tedizinios.App-Aonde-estouUITests";
				PRODUCT_NAME = "$(TARGET_NAME)";
				SWIFT_VERSION = 5.0;
				TARGETED_DEVICE_FAMILY = "1,2";
				TEST_TARGET_NAME = "App Aonde estou";
			};
			name = Release;
		};
/* End XCBuildConfiguration section */

/* Begin XCConfigurationList section */
		0B17BEE52549DA0E00A34F55 /* Build configuration list for PBXProject "App Aonde estou" */ = {
			isa = XCConfigurationList;
			buildConfigurations = (
				0B17BF122549DA0F00A34F55 /* Debug */,
				0B17BF132549DA0F00A34F55 /* Release */,
			);
			defaultConfigurationIsVisible = 0;
			defaultConfigurationName = Release;
		};
		0B17BF142549DA0F00A34F55 /* Build configuration list for PBXNativeTarget "App Aonde estou" */ = {
			isa = XCConfigurationList;
			buildConfigurations = (
				0B17BF152549DA0F00A34F55 /* Debug */,
				0B17BF162549DA0F00A34F55 /* Release */,
			);
			defaultConfigurationIsVisible = 0;
			defaultConfigurationName = Release;
		};
		0B17BF172549DA0F00A34F55 /* Build configuration list for PBXNativeTarget "App Aonde estouTests" */ = {
			isa = XCConfigurationList;
			buildConfigurations = (
				0B17BF182549DA0F00A34F55 /* Debug */,
				0B17BF192549DA0F00A34F55 /* Release */,
			);
			defaultConfigurationIsVisible = 0;
			defaultConfigurationName = Release;
		};
		0B17BF1A2549DA0F00A34F55 /* Build configuration list for PBXNativeTarget "App Aonde estouUITests" */ = {
			isa = XCConfigurationList;
			buildConfigurations = (
				0B17BF1B2549DA0F00A34F55 /* Debug */,
				0B17BF1C2549DA0F00A34F55 /* Release */,
			);
			defaultConfigurationIsVisible = 0;
			defaultConfigurationName = Release;
		};
/* End XCConfigurationList section */
	};
	rootObject = 0B17BEE22549DA0E00A34F55 /* Project object */;
}
